
Microsoft Visual Studio Solution File, Format Version 12.00
# Visual Studio 15
VisualStudioVersion = 15.0.26730.3
MinimumVisualStudioVersion = 10.0.40219.1
Project("{9A19103F-16F7-4668-BE54-9A1E7A4F7556}") = "Lab1.Client", "Lab1.Client\Lab1.Client.csproj", "{D85EE0A6-2C91-4EE0-A760-253CFBC04010}"
EndProject
Project("{9A19103F-16F7-4668-BE54-9A1E7A4F7556}") = "Lab1.Server", "Lab1.Server\Lab1.Server.csproj", "{7F1AAD19-0DBA-4AC2-A514-4BE64259B1F4}"
EndProject
Project("{9A19103F-16F7-4668-BE54-9A1E7A4F7556}") = "Common", "Common\Common.csproj", "{B8B48561-9A94-4CB7-AFCE-28212D23A0C0}"
EndProject
Project("{9A19103F-16F7-4668-BE54-9A1E7A4F7556}") = "Lab2.Client", "Lab2.Client\Lab2.Client.csproj", "{2AEA2552-5A85-4384-8B68-2D96741B9908}"
EndProject
Project("{9A19103F-16F7-4668-BE54-9A1E7A4F7556}") = "Lab2.Server", "Lab2.Server\Lab2.Server.csproj", "{F848D7B4-DB11-450F-A3C0-E459B97E0A1A}"
EndProject
Project("{9A19103F-16F7-4668-BE54-9A1E7A4F7556}") = "Lab3.Client", "Lab3.Client\Lab3.Client.csproj", "{25150F6E-E54E-4B4E-9ABE-69D1E5C4BC8B}"
EndProject
Project("{9A19103F-16F7-4668-BE54-9A1E7A4F7556}") = "Lab3.Server", "Lab3.Server\Lab3.Server.csproj", "{4CA08B58-40E3-4879-AB5E-0CB26AD7CB50}"
EndProject
Project("{8BC9CEB8-8B4A-11D0-8D11-00A0C91BC942}") = "L3.Client", "L3.Client\L3.Client.vcxproj", "{881F6663-CAD2-4517-83EB-410182C8F55B}"
EndProject
Project("{8BC9CEB8-8B4A-11D0-8D11-00A0C91BC942}") = "L3.Server", "L3.Server\L3.Server.vcxproj", "{84128AE8-7B14-487C-BCD1-205E8E87E7D8}"
EndProject
Project("{8BC9CEB8-8B4A-11D0-8D11-00A0C91BC942}") = "L3.Client_2", "L3.Client_2\L3.Client_2.vcxproj", "{0D89E76F-99C5-47C2-872C-45AAF777DD1A}"
EndProject
Global
	GlobalSection(SolutionConfigurationPlatforms) = preSolution
		Debug|Any CPU = Debug|Any CPU
		Debug|x64 = Debug|x64
		Debug|x86 = Debug|x86
		Release|Any CPU = Release|Any CPU
		Release|x64 = Release|x64
		Release|x86 = Release|x86
	EndGlobalSection
	GlobalSection(ProjectConfigurationPlatforms) = postSolution
		{D85EE0A6-2C91-4EE0-A760-253CFBC04010}.Debug|Any CPU.ActiveCfg = Debug|Any CPU
		{D85EE0A6-2C91-4EE0-A760-253CFBC04010}.Debug|Any CPU.Build.0 = Debug|Any CPU
		{D85EE0A6-2C91-4EE0-A760-253CFBC04010}.Debug|x64.ActiveCfg = Debug|Any CPU
		{D85EE0A6-2C91-4EE0-A760-253CFBC04010}.Debug|x64.Build.0 = Debug|Any CPU
		{D85EE0A6-2C91-4EE0-A760-253CFBC04010}.Debug|x86.ActiveCfg = Debug|Any CPU
		{D85EE0A6-2C91-4EE0-A760-253CFBC04010}.Debug|x86.Build.0 = Debug|Any CPU
		{D85EE0A6-2C91-4EE0-A760-253CFBC04010}.Release|Any CPU.ActiveCfg = Release|Any CPU
		{D85EE0A6-2C91-4EE0-A760-253CFBC04010}.Release|Any CPU.Build.0 = Release|Any CPU
		{D85EE0A6-2C91-4EE0-A760-253CFBC04010}.Release|x64.ActiveCfg = Release|Any CPU
		{D85EE0A6-2C91-4EE0-A760-253CFBC04010}.Release|x64.Build.0 = Release|Any CPU
		{D85EE0A6-2C91-4EE0-A760-253CFBC04010}.Release|x86.ActiveCfg = Release|Any CPU
		{D85EE0A6-2C91-4EE0-A760-253CFBC04010}.Release|x86.Build.0 = Release|Any CPU
		{7F1AAD19-0DBA-4AC2-A514-4BE64259B1F4}.Debug|Any CPU.ActiveCfg = Debug|Any CPU
		{7F1AAD19-0DBA-4AC2-A514-4BE64259B1F4}.Debug|Any CPU.Build.0 = Debug|Any CPU
		{7F1AAD19-0DBA-4AC2-A514-4BE64259B1F4}.Debug|x64.ActiveCfg = Debug|Any CPU
		{7F1AAD19-0DBA-4AC2-A514-4BE64259B1F4}.Debug|x64.Build.0 = Debug|Any CPU
		{7F1AAD19-0DBA-4AC2-A514-4BE64259B1F4}.Debug|x86.ActiveCfg = Debug|Any CPU
		{7F1AAD19-0DBA-4AC2-A514-4BE64259B1F4}.Debug|x86.Build.0 = Debug|Any CPU
		{7F1AAD19-0DBA-4AC2-A514-4BE64259B1F4}.Release|Any CPU.ActiveCfg = Release|Any CPU
		{7F1AAD19-0DBA-4AC2-A514-4BE64259B1F4}.Release|Any CPU.Build.0 = Release|Any CPU
		{7F1AAD19-0DBA-4AC2-A514-4BE64259B1F4}.Release|x64.ActiveCfg = Release|Any CPU
		{7F1AAD19-0DBA-4AC2-A514-4BE64259B1F4}.Release|x64.Build.0 = Release|Any CPU
		{7F1AAD19-0DBA-4AC2-A514-4BE64259B1F4}.Release|x86.ActiveCfg = Release|Any CPU
		{7F1AAD19-0DBA-4AC2-A514-4BE64259B1F4}.Release|x86.Build.0 = Release|Any CPU
		{B8B48561-9A94-4CB7-AFCE-28212D23A0C0}.Debug|Any CPU.ActiveCfg = Debug|Any CPU
		{B8B48561-9A94-4CB7-AFCE-28212D23A0C0}.Debug|Any CPU.Build.0 = Debug|Any CPU
		{B8B48561-9A94-4CB7-AFCE-28212D23A0C0}.Debug|x64.ActiveCfg = Debug|Any CPU
		{B8B48561-9A94-4CB7-AFCE-28212D23A0C0}.Debug|x64.Build.0 = Debug|Any CPU
		{B8B48561-9A94-4CB7-AFCE-28212D23A0C0}.Debug|x86.ActiveCfg = Debug|Any CPU
		{B8B48561-9A94-4CB7-AFCE-28212D23A0C0}.Debug|x86.Build.0 = Debug|Any CPU
		{B8B48561-9A94-4CB7-AFCE-28212D23A0C0}.Release|Any CPU.ActiveCfg = Release|Any CPU
		{B8B48561-9A94-4CB7-AFCE-28212D23A0C0}.Release|Any CPU.Build.0 = Release|Any CPU
		{B8B48561-9A94-4CB7-AFCE-28212D23A0C0}.Release|x64.ActiveCfg = Release|Any CPU
		{B8B48561-9A94-4CB7-AFCE-28212D23A0C0}.Release|x64.Build.0 = Release|Any CPU
		{B8B48561-9A94-4CB7-AFCE-28212D23A0C0}.Release|x86.ActiveCfg = Release|Any CPU
		{B8B48561-9A94-4CB7-AFCE-28212D23A0C0}.Release|x86.Build.0 = Release|Any CPU
		{2AEA2552-5A85-4384-8B68-2D96741B9908}.Debug|Any CPU.ActiveCfg = Debug|Any CPU
		{2AEA2552-5A85-4384-8B68-2D96741B9908}.Debug|Any CPU.Build.0 = Debug|Any CPU
		{2AEA2552-5A85-4384-8B68-2D96741B9908}.Debug|x64.ActiveCfg = Debug|Any CPU
		{2AEA2552-5A85-4384-8B68-2D96741B9908}.Debug|x64.Build.0 = Debug|Any CPU
		{2AEA2552-5A85-4384-8B68-2D96741B9908}.Debug|x86.ActiveCfg = Debug|Any CPU
		{2AEA2552-5A85-4384-8B68-2D96741B9908}.Debug|x86.Build.0 = Debug|Any CPU
		{2AEA2552-5A85-4384-8B68-2D96741B9908}.Release|Any CPU.ActiveCfg = Release|Any CPU
		{2AEA2552-5A85-4384-8B68-2D96741B9908}.Release|Any CPU.Build.0 = Release|Any CPU
		{2AEA2552-5A85-4384-8B68-2D96741B9908}.Release|x64.ActiveCfg = Release|Any CPU
		{2AEA2552-5A85-4384-8B68-2D96741B9908}.Release|x64.Build.0 = Release|Any CPU
		{2AEA2552-5A85-4384-8B68-2D96741B9908}.Release|x86.ActiveCfg = Release|Any CPU
		{2AEA2552-5A85-4384-8B68-2D96741B9908}.Release|x86.Build.0 = Release|Any CPU
		{F848D7B4-DB11-450F-A3C0-E459B97E0A1A}.Debug|Any CPU.ActiveCfg = Debug|Any CPU
		{F848D7B4-DB11-450F-A3C0-E459B97E0A1A}.Debug|Any CPU.Build.0 = Debug|Any CPU
		{F848D7B4-DB11-450F-A3C0-E459B97E0A1A}.Debug|x64.ActiveCfg = Debug|Any CPU
		{F848D7B4-DB11-450F-A3C0-E459B97E0A1A}.Debug|x64.Build.0 = Debug|Any CPU
		{F848D7B4-DB11-450F-A3C0-E459B97E0A1A}.Debug|x86.ActiveCfg = Debug|Any CPU
		{F848D7B4-DB11-450F-A3C0-E459B97E0A1A}.Debug|x86.Build.0 = Debug|Any CPU
		{F848D7B4-DB11-450F-A3C0-E459B97E0A1A}.Release|Any CPU.ActiveCfg = Release|Any CPU
		{F848D7B4-DB11-450F-A3C0-E459B97E0A1A}.Release|Any CPU.Build.0 = Release|Any CPU
		{F848D7B4-DB11-450F-A3C0-E459B97E0A1A}.Release|x64.ActiveCfg = Release|Any CPU
		{F848D7B4-DB11-450F-A3C0-E459B97E0A1A}.Release|x64.Build.0 = Release|Any CPU
		{F848D7B4-DB11-450F-A3C0-E459B97E0A1A}.Release|x86.ActiveCfg = Release|Any CPU
		{F848D7B4-DB11-450F-A3C0-E459B97E0A1A}.Release|x86.Build.0 = Release|Any CPU
		{25150F6E-E54E-4B4E-9ABE-69D1E5C4BC8B}.Debug|Any CPU.ActiveCfg = Debug|Any CPU
		{25150F6E-E54E-4B4E-9ABE-69D1E5C4BC8B}.Debug|Any CPU.Build.0 = Debug|Any CPU
		{25150F6E-E54E-4B4E-9ABE-69D1E5C4BC8B}.Debug|x64.ActiveCfg = Debug|Any CPU
		{25150F6E-E54E-4B4E-9ABE-69D1E5C4BC8B}.Debug|x64.Build.0 = Debug|Any CPU
		{25150F6E-E54E-4B4E-9ABE-69D1E5C4BC8B}.Debug|x86.ActiveCfg = Debug|Any CPU
		{25150F6E-E54E-4B4E-9ABE-69D1E5C4BC8B}.Debug|x86.Build.0 = Debug|Any CPU
		{25150F6E-E54E-4B4E-9ABE-69D1E5C4BC8B}.Release|Any CPU.ActiveCfg = Release|Any CPU
		{25150F6E-E54E-4B4E-9ABE-69D1E5C4BC8B}.Release|Any CPU.Build.0 = Release|Any CPU
		{25150F6E-E54E-4B4E-9ABE-69D1E5C4BC8B}.Release|x64.ActiveCfg = Release|Any CPU
		{25150F6E-E54E-4B4E-9ABE-69D1E5C4BC8B}.Release|x64.Build.0 = Release|Any CPU
		{25150F6E-E54E-4B4E-9ABE-69D1E5C4BC8B}.Release|x86.ActiveCfg = Release|Any CPU
		{25150F6E-E54E-4B4E-9ABE-69D1E5C4BC8B}.Release|x86.Build.0 = Release|Any CPU
		{4CA08B58-40E3-4879-AB5E-0CB26AD7CB50}.Debug|Any CPU.ActiveCfg = Debug|Any CPU
		{4CA08B58-40E3-4879-AB5E-0CB26AD7CB50}.Debug|Any CPU.Build.0 = Debug|Any CPU
		{4CA08B58-40E3-4879-AB5E-0CB26AD7CB50}.Debug|x64.ActiveCfg = Debug|Any CPU
		{4CA08B58-40E3-4879-AB5E-0CB26AD7CB50}.Debug|x64.Build.0 = Debug|Any CPU
		{4CA08B58-40E3-4879-AB5E-0CB26AD7CB50}.Debug|x86.ActiveCfg = Debug|Any CPU
		{4CA08B58-40E3-4879-AB5E-0CB26AD7CB50}.Debug|x86.Build.0 = Debug|Any CPU
		{4CA08B58-40E3-4879-AB5E-0CB26AD7CB50}.Release|Any CPU.ActiveCfg = Release|Any CPU
		{4CA08B58-40E3-4879-AB5E-0CB26AD7CB50}.Release|Any CPU.Build.0 = Release|Any CPU
		{4CA08B58-40E3-4879-AB5E-0CB26AD7CB50}.Release|x64.ActiveCfg = Release|Any CPU
		{4CA08B58-40E3-4879-AB5E-0CB26AD7CB50}.Release|x64.Build.0 = Release|Any CPU
		{4CA08B58-40E3-4879-AB5E-0CB26AD7CB50}.Release|x86.ActiveCfg = Release|Any CPU
		{4CA08B58-40E3-4879-AB5E-0CB26AD7CB50}.Release|x86.Build.0 = Release|Any CPU
		{881F6663-CAD2-4517-83EB-410182C8F55B}.Debug|Any CPU.ActiveCfg = Debug|Win32
		{881F6663-CAD2-4517-83EB-410182C8F55B}.Debug|x64.ActiveCfg = Debug|x64
		{881F6663-CAD2-4517-83EB-410182C8F55B}.Debug|x64.Build.0 = Debug|x64
		{881F6663-CAD2-4517-83EB-410182C8F55B}.Debug|x86.ActiveCfg = Debug|Win32
		{881F6663-CAD2-4517-83EB-410182C8F55B}.Debug|x86.Build.0 = Debug|Win32
		{881F6663-CAD2-4517-83EB-410182C8F55B}.Release|Any CPU.ActiveCfg = Release|Win32
		{881F6663-CAD2-4517-83EB-410182C8F55B}.Release|x64.ActiveCfg = Release|x64
		{881F6663-CAD2-4517-83EB-410182C8F55B}.Release|x64.Build.0 = Release|x64
		{881F6663-CAD2-4517-83EB-410182C8F55B}.Release|x86.ActiveCfg = Release|Win32
		{881F6663-CAD2-4517-83EB-410182C8F55B}.Release|x86.Build.0 = Release|Win32
		{84128AE8-7B14-487C-BCD1-205E8E87E7D8}.Debug|Any CPU.ActiveCfg = Debug|Win32
		{84128AE8-7B14-487C-BCD1-205E8E87E7D8}.Debug|x64.ActiveCfg = Debug|x64
		{84128AE8-7B14-487C-BCD1-205E8E87E7D8}.Debug|x64.Build.0 = Debug|x64
		{84128AE8-7B14-487C-BCD1-205E8E87E7D8}.Debug|x86.ActiveCfg = Debug|Win32
		{84128AE8-7B14-487C-BCD1-205E8E87E7D8}.Debug|x86.Build.0 = Debug|Win32
		{84128AE8-7B14-487C-BCD1-205E8E87E7D8}.Release|Any CPU.ActiveCfg = Release|Win32
		{84128AE8-7B14-487C-BCD1-205E8E87E7D8}.Release|x64.ActiveCfg = Release|x64
		{84128AE8-7B14-487C-BCD1-205E8E87E7D8}.Release|x64.Build.0 = Release|x64
		{84128AE8-7B14-487C-BCD1-205E8E87E7D8}.Release|x86.ActiveCfg = Release|Win32
		{84128AE8-7B14-487C-BCD1-205E8E87E7D8}.Release|x86.Build.0 = Release|Win32
		{0D89E76F-99C5-47C2-872C-45AAF777DD1A}.Debug|Any CPU.ActiveCfg = Debug|Win32
		{0D89E76F-99C5-47C2-872C-45AAF777DD1A}.Debug|x64.ActiveCfg = Debug|x64
		{0D89E76F-99C5-47C2-872C-45AAF777DD1A}.Debug|x64.Build.0 = Debug|x64
		{0D89E76F-99C5-47C2-872C-45AAF777DD1A}.Debug|x86.ActiveCfg = Debug|Win32
		{0D89E76F-99C5-47C2-872C-45AAF777DD1A}.Debug|x86.Build.0 = Debug|Win32
		{0D89E76F-99C5-47C2-872C-45AAF777DD1A}.Release|Any CPU.ActiveCfg = Release|Win32
		{0D89E76F-99C5-47C2-872C-45AAF777DD1A}.Release|x64.ActiveCfg = Release|x64
		{0D89E76F-99C5-47C2-872C-45AAF777DD1A}.Release|x64.Build.0 = Release|x64
		{0D89E76F-99C5-47C2-872C-45AAF777DD1A}.Release|x86.ActiveCfg = Release|Win32
		{0D89E76F-99C5-47C2-872C-45AAF777DD1A}.Release|x86.Build.0 = Release|Win32
	EndGlobalSection
	GlobalSection(SolutionProperties) = preSolution
		HideSolutionNode = FALSE
	EndGlobalSection
	GlobalSection(ExtensibilityGlobals) = postSolution
		SolutionGuid = {1A6B15C8-1B30-4D90-9D1C-D6B01CE3BE11}
	EndGlobalSection
EndGlobal
